{
    "_readme": [
        "This file locks the dependencies of your project to a known state",
        "Read more about it at https://getcomposer.org/doc/01-basic-usage.md#installing-dependencies",
        "This file is @generated automatically"
    ],
    "content-hash": "d1eb1f59cdf544fe7d205ee71699b921",
    "packages": [
        {
            "name": "pavelkhizhenok/supportclasses",
            "version": "v2.0.0",
            "source": {
                "type": "git",
                "url": "https://github.com/KhizhenokPavel/supportClasses.git",
                "reference": "7c2d0a1ae8591f92b472ea6aafc2110d2a1ec0f7"
            },
            "dist": {
                "type": "zip",
                "url": "https://api.github.com/repos/KhizhenokPavel/supportClasses/zipball/7c2d0a1ae8591f92b472ea6aafc2110d2a1ec0f7",
                "reference": "7c2d0a1ae8591f92b472ea6aafc2110d2a1ec0f7",
                "shasum": ""
            },
            "require": {
                "php": ">=7.4"
            },
            "type": "library",
            "autoload": {
                "psr-4": {
                    "Pavelkhizhenok\\SupportClasses\\": "src/"
                }
            },
            "notification-url": "https://packagist.org/downloads/",
            "authors": [
                {
                    "name": "Khizhenok Pavel",
                    "email": "khizhenokp@gmail.com"
                }
            ],
            "description": "Module for base classes",
            "support": {
                "issues": "https://github.com/KhizhenokPavel/supportClasses/issues",
                "source": "https://github.com/KhizhenokPavel/supportClasses/tree/v2.0.0"
            },
            "time": "2024-10-31T22:34:50+00:00"
        }
    ],
    "packages-dev": [],
    "aliases": [],
    "minimum-stability": "stable",
    "stability-flags": [],
    "prefer-stable": false,
    "prefer-lowest": false,
    "platform": {
        "php": ">=7.4"
    },
    "platform-dev": [],
    "plugin-api-version": "2.6.0"
}
